
Microsoft Visual Studio Solution File, Format Version 12.00
# Visual Studio Version 16
VisualStudioVersion = 16.0.31624.102
MinimumVisualStudioVersion = 10.0.40219.1
Project("{FAE04EC0-301F-11D3-BF4B-00C04F79EFBC}") = "BaiTap02", "BaiTap02\BaiTap02.csproj", "{29642399-147C-43C1-96FD-87900CA51B6F}"
EndProject
Global
	GlobalSection(SolutionConfigurationPlatforms) = preSolution
		Debug|Any CPU = Debug|Any CPU
		Release|Any CPU = Release|Any CPU
	EndGlobalSection
	GlobalSection(ProjectConfigurationPlatforms) = postSolution
		{29642399-147C-43C1-96FD-87900CA51B6F}.Debug|Any CPU.ActiveCfg = Debug|Any CPU
		{29642399-147C-43C1-96FD-87900CA51B6F}.Debug|Any CPU.Build.0 = Debug|Any CPU
		{29642399-147C-43C1-96FD-87900CA51B6F}.Release|Any CPU.ActiveCfg = Release|Any CPU
		{29642399-147C-43C1-96FD-87900CA51B6F}.Release|Any CPU.Build.0 = Release|Any CPU
	EndGlobalSection
	GlobalSection(SolutionProperties) = preSolution
		HideSolutionNode = FALSE
	EndGlobalSection
	GlobalSection(ExtensibilityGlobals) = postSolution
		SolutionGuid = {FC3A72D3-7179-4739-A77C-2FD98EDE5DC4}
	EndGlobalSection
EndGlobal
