
Microsoft Visual Studio Solution File, Format Version 12.00
# Visual Studio Version 16
VisualStudioVersion = 16.0.31624.102
MinimumVisualStudioVersion = 10.0.40219.1
Project("{FAE04EC0-301F-11D3-BF4B-00C04F79EFBC}") = "BaiTap8", "BaiTap8\BaiTap8.csproj", "{797E5CAC-FD76-4126-BED8-ABE5071C94AF}"
EndProject
Global
	GlobalSection(SolutionConfigurationPlatforms) = preSolution
		Debug|Any CPU = Debug|Any CPU
		Release|Any CPU = Release|Any CPU
	EndGlobalSection
	GlobalSection(ProjectConfigurationPlatforms) = postSolution
		{797E5CAC-FD76-4126-BED8-ABE5071C94AF}.Debug|Any CPU.ActiveCfg = Debug|Any CPU
		{797E5CAC-FD76-4126-BED8-ABE5071C94AF}.Debug|Any CPU.Build.0 = Debug|Any CPU
		{797E5CAC-FD76-4126-BED8-ABE5071C94AF}.Release|Any CPU.ActiveCfg = Release|Any CPU
		{797E5CAC-FD76-4126-BED8-ABE5071C94AF}.Release|Any CPU.Build.0 = Release|Any CPU
	EndGlobalSection
	GlobalSection(SolutionProperties) = preSolution
		HideSolutionNode = FALSE
	EndGlobalSection
	GlobalSection(ExtensibilityGlobals) = postSolution
		SolutionGuid = {54DF4941-902B-428C-ACC5-95614BC73031}
	EndGlobalSection
EndGlobal
